
Microsoft Visual Studio Solution File, Format Version 12.00
# Visual Studio Version 17
VisualStudioVersion = 17.2.32616.157
MinimumVisualStudioVersion = 10.0.40219.1
Project("{2150E333-8FDC-42A3-9474-1A3956D46DE8}") = "Services", "Services", "{29AA6AA4-CE45-42DF-9BDA-7E4DDA62C7A9}"
EndProject
Project("{2150E333-8FDC-42A3-9474-1A3956D46DE8}") = "Architecture", "Architecture", "{A55E3B3B-ED95-4A07-884A-F7D8958DC3FA}"
EndProject
Project("{2150E333-8FDC-42A3-9474-1A3956D46DE8}") = "Classroom", "Classroom", "{0F1EE0F0-E9F2-4976-BF79-7850C6DBB938}"
EndProject
Project("{2150E333-8FDC-42A3-9474-1A3956D46DE8}") = "Contact", "Contact", "{21D74E54-A32B-4DC4-9895-796F78D99176}"
EndProject
Project("{2150E333-8FDC-42A3-9474-1A3956D46DE8}") = "Business", "Business", "{671743E2-1CE3-4D6B-A35F-B1908BE87B7C}"
EndProject
Project("{2150E333-8FDC-42A3-9474-1A3956D46DE8}") = "Data", "Data", "{C252DE36-DAB2-4DA0-8078-0D655B980AD2}"
EndProject
Project("{2150E333-8FDC-42A3-9474-1A3956D46DE8}") = "Model", "Model", "{4529C75F-FEC9-4EC6-BE7B-870348F32488}"
EndProject
Project("{2150E333-8FDC-42A3-9474-1A3956D46DE8}") = "Registration", "Registration", "{8D40FF93-1149-451E-AE07-DD7E8EFB6654}"
EndProject
Project("{2150E333-8FDC-42A3-9474-1A3956D46DE8}") = "Web", "Web", "{638FD1F0-5AFC-4E80-9224-4DDB25A23ECE}"
EndProject
Project("{2150E333-8FDC-42A3-9474-1A3956D46DE8}") = "Business", "Business", "{2B550DF4-9F99-4143-B0AC-04836A4216D6}"
EndProject
Project("{2150E333-8FDC-42A3-9474-1A3956D46DE8}") = "Data", "Data", "{97998C8C-3740-4C2C-A71C-85895C82A0AB}"
EndProject
Project("{2150E333-8FDC-42A3-9474-1A3956D46DE8}") = "Model", "Model", "{2E9234EA-1B58-47D3-8F2A-54D0CE55713C}"
EndProject
Project("{2150E333-8FDC-42A3-9474-1A3956D46DE8}") = "Registration", "Registration", "{F11C0148-78BC-454A-90FE-4555E82F74DA}"
EndProject
Project("{2150E333-8FDC-42A3-9474-1A3956D46DE8}") = "Web", "Web", "{65FE3F73-DE9D-4C75-BE7A-101F1334F44D}"
EndProject
Project("{FAE04EC0-301F-11D3-BF4B-00C04F79EFBC}") = "NetCoreProject.Services.Classroom.Web.API", "Services\Classroom\WebAPI\NetCoreProject.Services.Classroom.Web.API\NetCoreProject.Services.Classroom.Web.API.csproj", "{B2DDC2CD-A162-4A2C-B3D6-1D2E067AD340}"
EndProject
Global
	GlobalSection(SolutionConfigurationPlatforms) = preSolution
		Debug|Any CPU = Debug|Any CPU
		Release|Any CPU = Release|Any CPU
	EndGlobalSection
	GlobalSection(ProjectConfigurationPlatforms) = postSolution
		{B2DDC2CD-A162-4A2C-B3D6-1D2E067AD340}.Debug|Any CPU.ActiveCfg = Debug|Any CPU
		{B2DDC2CD-A162-4A2C-B3D6-1D2E067AD340}.Debug|Any CPU.Build.0 = Debug|Any CPU
		{B2DDC2CD-A162-4A2C-B3D6-1D2E067AD340}.Release|Any CPU.ActiveCfg = Release|Any CPU
		{B2DDC2CD-A162-4A2C-B3D6-1D2E067AD340}.Release|Any CPU.Build.0 = Release|Any CPU
	EndGlobalSection
	GlobalSection(SolutionProperties) = preSolution
		HideSolutionNode = FALSE
	EndGlobalSection
	GlobalSection(NestedProjects) = preSolution
		{0F1EE0F0-E9F2-4976-BF79-7850C6DBB938} = {29AA6AA4-CE45-42DF-9BDA-7E4DDA62C7A9}
		{21D74E54-A32B-4DC4-9895-796F78D99176} = {29AA6AA4-CE45-42DF-9BDA-7E4DDA62C7A9}
		{671743E2-1CE3-4D6B-A35F-B1908BE87B7C} = {0F1EE0F0-E9F2-4976-BF79-7850C6DBB938}
		{C252DE36-DAB2-4DA0-8078-0D655B980AD2} = {0F1EE0F0-E9F2-4976-BF79-7850C6DBB938}
		{4529C75F-FEC9-4EC6-BE7B-870348F32488} = {0F1EE0F0-E9F2-4976-BF79-7850C6DBB938}
		{8D40FF93-1149-451E-AE07-DD7E8EFB6654} = {0F1EE0F0-E9F2-4976-BF79-7850C6DBB938}
		{638FD1F0-5AFC-4E80-9224-4DDB25A23ECE} = {0F1EE0F0-E9F2-4976-BF79-7850C6DBB938}
		{2B550DF4-9F99-4143-B0AC-04836A4216D6} = {21D74E54-A32B-4DC4-9895-796F78D99176}
		{97998C8C-3740-4C2C-A71C-85895C82A0AB} = {21D74E54-A32B-4DC4-9895-796F78D99176}
		{2E9234EA-1B58-47D3-8F2A-54D0CE55713C} = {21D74E54-A32B-4DC4-9895-796F78D99176}
		{F11C0148-78BC-454A-90FE-4555E82F74DA} = {21D74E54-A32B-4DC4-9895-796F78D99176}
		{65FE3F73-DE9D-4C75-BE7A-101F1334F44D} = {21D74E54-A32B-4DC4-9895-796F78D99176}
		{B2DDC2CD-A162-4A2C-B3D6-1D2E067AD340} = {638FD1F0-5AFC-4E80-9224-4DDB25A23ECE}
	EndGlobalSection
	GlobalSection(ExtensibilityGlobals) = postSolution
		SolutionGuid = {5BF1CEED-4A39-4CAE-A3F0-7843FA7DFF29}
	EndGlobalSection
EndGlobal
